
Microsoft Visual Studio Solution File, Format Version 12.00
# Visual Studio Version 16
VisualStudioVersion = 16.0.31829.152
MinimumVisualStudioVersion = 10.0.40219.1
Project("{FAE04EC0-301F-11D3-BF4B-00C04F79EFBC}") = "S13_LocalDatabase.Android", "S13_LocalDatabase\S13_LocalDatabase.Android\S13_LocalDatabase.Android.csproj", "{1165A012-3FED-461E-8027-0D0539AE6ED0}"
EndProject
Project("{FAE04EC0-301F-11D3-BF4B-00C04F79EFBC}") = "S13_LocalDatabase.iOS", "S13_LocalDatabase\S13_LocalDatabase.iOS\S13_LocalDatabase.iOS.csproj", "{90B46F23-D232-4310-8E68-BA150B1C7C7C}"
EndProject
Project("{FAE04EC0-301F-11D3-BF4B-00C04F79EFBC}") = "S13_LocalDatabase", "S13_LocalDatabase\S13_LocalDatabase\S13_LocalDatabase.csproj", "{451DAADA-5EB6-400F-A28F-F1BAD85D0459}"
EndProject
Global
	GlobalSection(SolutionConfigurationPlatforms) = preSolution
		Debug|Any CPU = Debug|Any CPU
		Debug|iPhone = Debug|iPhone
		Debug|iPhoneSimulator = Debug|iPhoneSimulator
		Release|Any CPU = Release|Any CPU
		Release|iPhone = Release|iPhone
		Release|iPhoneSimulator = Release|iPhoneSimulator
	EndGlobalSection
	GlobalSection(ProjectConfigurationPlatforms) = postSolution
		{1165A012-3FED-461E-8027-0D0539AE6ED0}.Debug|Any CPU.ActiveCfg = Debug|Any CPU
		{1165A012-3FED-461E-8027-0D0539AE6ED0}.Debug|Any CPU.Build.0 = Debug|Any CPU
		{1165A012-3FED-461E-8027-0D0539AE6ED0}.Debug|Any CPU.Deploy.0 = Debug|Any CPU
		{1165A012-3FED-461E-8027-0D0539AE6ED0}.Debug|iPhone.ActiveCfg = Debug|Any CPU
		{1165A012-3FED-461E-8027-0D0539AE6ED0}.Debug|iPhone.Build.0 = Debug|Any CPU
		{1165A012-3FED-461E-8027-0D0539AE6ED0}.Debug|iPhone.Deploy.0 = Debug|Any CPU
		{1165A012-3FED-461E-8027-0D0539AE6ED0}.Debug|iPhoneSimulator.ActiveCfg = Debug|Any CPU
		{1165A012-3FED-461E-8027-0D0539AE6ED0}.Debug|iPhoneSimulator.Build.0 = Debug|Any CPU
		{1165A012-3FED-461E-8027-0D0539AE6ED0}.Debug|iPhoneSimulator.Deploy.0 = Debug|Any CPU
		{1165A012-3FED-461E-8027-0D0539AE6ED0}.Release|Any CPU.ActiveCfg = Release|Any CPU
		{1165A012-3FED-461E-8027-0D0539AE6ED0}.Release|Any CPU.Build.0 = Release|Any CPU
		{1165A012-3FED-461E-8027-0D0539AE6ED0}.Release|Any CPU.Deploy.0 = Release|Any CPU
		{1165A012-3FED-461E-8027-0D0539AE6ED0}.Release|iPhone.ActiveCfg = Release|Any CPU
		{1165A012-3FED-461E-8027-0D0539AE6ED0}.Release|iPhone.Build.0 = Release|Any CPU
		{1165A012-3FED-461E-8027-0D0539AE6ED0}.Release|iPhone.Deploy.0 = Release|Any CPU
		{1165A012-3FED-461E-8027-0D0539AE6ED0}.Release|iPhoneSimulator.ActiveCfg = Release|Any CPU
		{1165A012-3FED-461E-8027-0D0539AE6ED0}.Release|iPhoneSimulator.Build.0 = Release|Any CPU
		{1165A012-3FED-461E-8027-0D0539AE6ED0}.Release|iPhoneSimulator.Deploy.0 = Release|Any CPU
		{90B46F23-D232-4310-8E68-BA150B1C7C7C}.Debug|Any CPU.ActiveCfg = Debug|iPhone
		{90B46F23-D232-4310-8E68-BA150B1C7C7C}.Debug|Any CPU.Build.0 = Debug|iPhone
		{90B46F23-D232-4310-8E68-BA150B1C7C7C}.Debug|Any CPU.Deploy.0 = Debug|iPhone
		{90B46F23-D232-4310-8E68-BA150B1C7C7C}.Debug|iPhone.ActiveCfg = Debug|iPhone
		{90B46F23-D232-4310-8E68-BA150B1C7C7C}.Debug|iPhone.Build.0 = Debug|iPhone
		{90B46F23-D232-4310-8E68-BA150B1C7C7C}.Debug|iPhone.Deploy.0 = Debug|iPhone
		{90B46F23-D232-4310-8E68-BA150B1C7C7C}.Debug|iPhoneSimulator.ActiveCfg = Debug|iPhoneSimulator
		{90B46F23-D232-4310-8E68-BA150B1C7C7C}.Debug|iPhoneSimulator.Build.0 = Debug|iPhoneSimulator
		{90B46F23-D232-4310-8E68-BA150B1C7C7C}.Debug|iPhoneSimulator.Deploy.0 = Debug|iPhoneSimulator
		{90B46F23-D232-4310-8E68-BA150B1C7C7C}.Release|Any CPU.ActiveCfg = Release|iPhoneSimulator
		{90B46F23-D232-4310-8E68-BA150B1C7C7C}.Release|Any CPU.Build.0 = Release|iPhoneSimulator
		{90B46F23-D232-4310-8E68-BA150B1C7C7C}.Release|Any CPU.Deploy.0 = Release|iPhoneSimulator
		{90B46F23-D232-4310-8E68-BA150B1C7C7C}.Release|iPhone.ActiveCfg = Release|iPhone
		{90B46F23-D232-4310-8E68-BA150B1C7C7C}.Release|iPhone.Build.0 = Release|iPhone
		{90B46F23-D232-4310-8E68-BA150B1C7C7C}.Release|iPhone.Deploy.0 = Release|iPhone
		{90B46F23-D232-4310-8E68-BA150B1C7C7C}.Release|iPhoneSimulator.ActiveCfg = Release|iPhoneSimulator
		{90B46F23-D232-4310-8E68-BA150B1C7C7C}.Release|iPhoneSimulator.Build.0 = Release|iPhoneSimulator
		{90B46F23-D232-4310-8E68-BA150B1C7C7C}.Release|iPhoneSimulator.Deploy.0 = Release|iPhoneSimulator
		{451DAADA-5EB6-400F-A28F-F1BAD85D0459}.Debug|Any CPU.ActiveCfg = Debug|Any CPU
		{451DAADA-5EB6-400F-A28F-F1BAD85D0459}.Debug|Any CPU.Build.0 = Debug|Any CPU
		{451DAADA-5EB6-400F-A28F-F1BAD85D0459}.Debug|Any CPU.Deploy.0 = Debug|Any CPU
		{451DAADA-5EB6-400F-A28F-F1BAD85D0459}.Debug|iPhone.ActiveCfg = Debug|Any CPU
		{451DAADA-5EB6-400F-A28F-F1BAD85D0459}.Debug|iPhone.Build.0 = Debug|Any CPU
		{451DAADA-5EB6-400F-A28F-F1BAD85D0459}.Debug|iPhone.Deploy.0 = Debug|Any CPU
		{451DAADA-5EB6-400F-A28F-F1BAD85D0459}.Debug|iPhoneSimulator.ActiveCfg = Debug|Any CPU
		{451DAADA-5EB6-400F-A28F-F1BAD85D0459}.Debug|iPhoneSimulator.Build.0 = Debug|Any CPU
		{451DAADA-5EB6-400F-A28F-F1BAD85D0459}.Debug|iPhoneSimulator.Deploy.0 = Debug|Any CPU
		{451DAADA-5EB6-400F-A28F-F1BAD85D0459}.Release|Any CPU.ActiveCfg = Release|Any CPU
		{451DAADA-5EB6-400F-A28F-F1BAD85D0459}.Release|Any CPU.Build.0 = Release|Any CPU
		{451DAADA-5EB6-400F-A28F-F1BAD85D0459}.Release|Any CPU.Deploy.0 = Release|Any CPU
		{451DAADA-5EB6-400F-A28F-F1BAD85D0459}.Release|iPhone.ActiveCfg = Release|Any CPU
		{451DAADA-5EB6-400F-A28F-F1BAD85D0459}.Release|iPhone.Build.0 = Release|Any CPU
		{451DAADA-5EB6-400F-A28F-F1BAD85D0459}.Release|iPhone.Deploy.0 = Release|Any CPU
		{451DAADA-5EB6-400F-A28F-F1BAD85D0459}.Release|iPhoneSimulator.ActiveCfg = Release|Any CPU
		{451DAADA-5EB6-400F-A28F-F1BAD85D0459}.Release|iPhoneSimulator.Build.0 = Release|Any CPU
		{451DAADA-5EB6-400F-A28F-F1BAD85D0459}.Release|iPhoneSimulator.Deploy.0 = Release|Any CPU
	EndGlobalSection
	GlobalSection(SolutionProperties) = preSolution
		HideSolutionNode = FALSE
	EndGlobalSection
	GlobalSection(ExtensibilityGlobals) = postSolution
		SolutionGuid = {355DE4AC-378B-4A53-A21C-CC7BA05B0876}
	EndGlobalSection
EndGlobal
